
Microsoft Visual Studio Solution File, Format Version 12.00
# Visual Studio Version 16
VisualStudioVersion = 16.0.34031.81
MinimumVisualStudioVersion = 10.0.40219.1
Project("{FAE04EC0-301F-11D3-BF4B-00C04F79EFBC}") = "exercicio windows forms", "exercicio windows forms\exercicio windows forms.csproj", "{FDD9BC4C-CC50-4D82-85C1-96779F4FD27A}"
EndProject
Global
	GlobalSection(SolutionConfigurationPlatforms) = preSolution
		Debug|Any CPU = Debug|Any CPU
		Release|Any CPU = Release|Any CPU
	EndGlobalSection
	GlobalSection(ProjectConfigurationPlatforms) = postSolution
		{FDD9BC4C-CC50-4D82-85C1-96779F4FD27A}.Debug|Any CPU.ActiveCfg = Debug|Any CPU
		{FDD9BC4C-CC50-4D82-85C1-96779F4FD27A}.Debug|Any CPU.Build.0 = Debug|Any CPU
		{FDD9BC4C-CC50-4D82-85C1-96779F4FD27A}.Release|Any CPU.ActiveCfg = Release|Any CPU
		{FDD9BC4C-CC50-4D82-85C1-96779F4FD27A}.Release|Any CPU.Build.0 = Release|Any CPU
	EndGlobalSection
	GlobalSection(SolutionProperties) = preSolution
		HideSolutionNode = FALSE
	EndGlobalSection
	GlobalSection(ExtensibilityGlobals) = postSolution
		SolutionGuid = {6976350F-261A-4CA3-AF21-489CE7F30F1D}
	EndGlobalSection
EndGlobal
